// !$*UTF8*$!
{
	archiveVersion = 1;
	classes = {
	};
	objectVersion = 46;
	objects = {

/* Begin PBXBuildFile section */
		ACD6E3D61B03A8EB00CA4498 /* main.c in Sources */ = {isa = PBXBuildFile; fileRef = ACD6E3D51B03A8EB00CA4498 /* main.c */; };
		ACE469071B0D105B00676B69 /* HW_1_Sizeof.c in Sources */ = {isa = PBXBuildFile; fileRef = ACE469051B0D105B00676B69 /* HW_1_Sizeof.c */; };
		ACE4690A1B0D112C00676B69 /* HW_2_(papa mama).c in Sources */ = {isa = PBXBuildFile; fileRef = ACE469081B0D112C00676B69 /* HW_2_(papa mama).c */; };
		ACE4690D1B0D132C00676B69 /* HW_3_macros.c in Sources */ = {isa = PBXBuildFile; fileRef = ACE4690B1B0D132C00676B69 /* HW_3_macros.c */; };
		ACE469101B0DAA7200676B69 /* HW_3_macrosTest.c in Sources */ = {isa = PBXBuildFile; fileRef = ACE4690E1B0DAA7200676B69 /* HW_3_macrosTest.c */; };
		ACE469131B0DBB5F00676B69 /* DSFunc.c in Sources */ = {isa = PBXBuildFile; fileRef = ACE469111B0DBB5F00676B69 /* DSFunc.c */; };
		ACE469161B0DBD1B00676B69 /* DSSquare.c in Sources */ = {isa = PBXBuildFile; fileRef = ACE469141B0DBD1B00676B69 /* DSSquare.c */; };
		ACE469191B0DBD9400676B69 /* SDLoop.c in Sources */ = {isa = PBXBuildFile; fileRef = ACE469171B0DBD9400676B69 /* SDLoop.c */; };
/* End PBXBuildFile section */

/* Begin PBXCopyFilesBuildPhase section */
		AC630B531B0487F70068EF28 /* CopyFiles */ = {
			isa = PBXCopyFilesBuildPhase;
			buildActionMask = 2147483647;
			dstPath = /usr/share/man/man1/;
			dstSubfolderSpec = 0;
			files = (
			);
			runOnlyForDeploymentPostprocessing = 1;
		};
		ACD6E3D01B03A8EB00CA4498 /* CopyFiles */ = {
			isa = PBXCopyFilesBuildPhase;
			buildActionMask = 2147483647;
			dstPath = /usr/share/man/man1/;
			dstSubfolderSpec = 0;
			files = (
			);
			runOnlyForDeploymentPostprocessing = 1;
		};
/* End PBXCopyFilesBuildPhase section */

/* Begin PBXFileReference section */
		AC630B551B0487F70068EF28 /* 111 */ = {isa = PBXFileReference; explicitFileType = "compiled.mach-o.executable"; includeInIndex = 0; path = 111; sourceTree = BUILT_PRODUCTS_DIR; };
		ACD6E3D21B03A8EB00CA4498 /* DSStudy */ = {isa = PBXFileReference; explicitFileType = "compiled.mach-o.executable"; includeInIndex = 0; path = DSStudy; sourceTree = BUILT_PRODUCTS_DIR; };
		ACD6E3D51B03A8EB00CA4498 /* main.c */ = {isa = PBXFileReference; lastKnownFileType = sourcecode.c.c; path = main.c; sourceTree = "<group>"; };
		ACE469051B0D105B00676B69 /* HW_1_Sizeof.c */ = {isa = PBXFileReference; fileEncoding = 4; lastKnownFileType = sourcecode.c.c; name = HW_1_Sizeof.c; path = "HW 1/HW_1_Sizeof.c"; sourceTree = "<group>"; };
		ACE469061B0D105B00676B69 /* HW_1_Sizeof.h */ = {isa = PBXFileReference; fileEncoding = 4; lastKnownFileType = sourcecode.c.h; name = HW_1_Sizeof.h; path = "HW 1/HW_1_Sizeof.h"; sourceTree = "<group>"; };
		ACE469081B0D112C00676B69 /* HW_2_(papa mama).c */ = {isa = PBXFileReference; fileEncoding = 4; lastKnownFileType = sourcecode.c.c; name = "HW_2_(papa mama).c"; path = "HW 2/HW_2_(papa mama).c"; sourceTree = "<group>"; };
		ACE469091B0D112C00676B69 /* HW_2_(papa mama).h */ = {isa = PBXFileReference; fileEncoding = 4; lastKnownFileType = sourcecode.c.h; name = "HW_2_(papa mama).h"; path = "HW 2/HW_2_(papa mama).h"; sourceTree = "<group>"; };
		ACE4690B1B0D132C00676B69 /* HW_3_macros.c */ = {isa = PBXFileReference; fileEncoding = 4; lastKnownFileType = sourcecode.c.c; name = HW_3_macros.c; path = "HW 3/HW_3_macros.c"; sourceTree = "<group>"; };
		ACE4690C1B0D132C00676B69 /* HW_3_macros.h */ = {isa = PBXFileReference; fileEncoding = 4; lastKnownFileType = sourcecode.c.h; name = HW_3_macros.h; path = "HW 3/HW_3_macros.h"; sourceTree = "<group>"; };
		ACE4690E1B0DAA7200676B69 /* HW_3_macrosTest.c */ = {isa = PBXFileReference; fileEncoding = 4; lastKnownFileType = sourcecode.c.c; name = HW_3_macrosTest.c; path = Test/HW_3_macrosTest.c; sourceTree = "<group>"; };
		ACE4690F1B0DAA7200676B69 /* HW_3_macrosTest.h */ = {isa = PBXFileReference; fileEncoding = 4; lastKnownFileType = sourcecode.c.h; name = HW_3_macrosTest.h; path = Test/HW_3_macrosTest.h; sourceTree = "<group>"; };
		ACE469111B0DBB5F00676B69 /* DSFunc.c */ = {isa = PBXFileReference; fileEncoding = 4; lastKnownFileType = sourcecode.c.c; name = DSFunc.c; path = DSFunc/DSFunc.c; sourceTree = "<group>"; };
		ACE469121B0DBB5F00676B69 /* DSFunc.h */ = {isa = PBXFileReference; fileEncoding = 4; lastKnownFileType = sourcecode.c.h; name = DSFunc.h; path = DSFunc/DSFunc.h; sourceTree = "<group>"; };
		ACE469141B0DBD1B00676B69 /* DSSquare.c */ = {isa = PBXFileReference; fileEncoding = 4; lastKnownFileType = sourcecode.c.c; name = DSSquare.c; path = DSSquare/DSSquare.c; sourceTree = "<group>"; };
		ACE469151B0DBD1B00676B69 /* DSSquare.h */ = {isa = PBXFileReference; fileEncoding = 4; lastKnownFileType = sourcecode.c.h; name = DSSquare.h; path = DSSquare/DSSquare.h; sourceTree = "<group>"; };
		ACE469171B0DBD9400676B69 /* SDLoop.c */ = {isa = PBXFileReference; fileEncoding = 4; lastKnownFileType = sourcecode.c.c; name = SDLoop.c; path = SDLoop/SDLoop.c; sourceTree = "<group>"; };
		ACE469181B0DBD9400676B69 /* SDLoop.h */ = {isa = PBXFileReference; fileEncoding = 4; lastKnownFileType = sourcecode.c.h; name = SDLoop.h; path = SDLoop/SDLoop.h; sourceTree = "<group>"; };
/* End PBXFileReference section */

/* Begin PBXFrameworksBuildPhase section */
		AC630B521B0487F70068EF28 /* Frameworks */ = {
			isa = PBXFrameworksBuildPhase;
			buildActionMask = 2147483647;
			files = (
			);
			runOnlyForDeploymentPostprocessing = 0;
		};
		ACD6E3CF1B03A8EB00CA4498 /* Frameworks */ = {
			isa = PBXFrameworksBuildPhase;
			buildActionMask = 2147483647;
			files = (
			);
			runOnlyForDeploymentPostprocessing = 0;
		};
/* End PBXFrameworksBuildPhase section */

/* Begin PBXGroup section */
		AC630B5C1B04DE000068EF28 /* HomeWork */ = {
			isa = PBXGroup;
			children = (
				ACE469041B0D104100676B69 /* HW 3 macros */,
				ACE469001B0D0FDD00676B69 /* HW 2 PapaMama */,
				ACE468FC1B0D0EC400676B69 /* HW 1 Sizeof */,
			);
			name = HomeWork;
			sourceTree = "<group>";
		};
		AC630B5E1B05E8950068EF28 /* samples */ = {
			isa = PBXGroup;
			children = (
				ACE469111B0DBB5F00676B69 /* DSFunc.c */,
				ACE469121B0DBB5F00676B69 /* DSFunc.h */,
				ACE469141B0DBD1B00676B69 /* DSSquare.c */,
				ACE469151B0DBD1B00676B69 /* DSSquare.h */,
				ACE469171B0DBD9400676B69 /* SDLoop.c */,
				ACE469181B0DBD9400676B69 /* SDLoop.h */,
			);
			name = samples;
			sourceTree = "<group>";
		};
		ACD6E3C91B03A8EB00CA4498 = {
			isa = PBXGroup;
			children = (
				ACD6E3D41B03A8EB00CA4498 /* DSStudy */,
				ACD6E3D31B03A8EB00CA4498 /* Products */,
			);
			sourceTree = "<group>";
		};
		ACD6E3D31B03A8EB00CA4498 /* Products */ = {
			isa = PBXGroup;
			children = (
				ACD6E3D21B03A8EB00CA4498 /* DSStudy */,
				AC630B551B0487F70068EF28 /* 111 */,
			);
			name = Products;
			sourceTree = "<group>";
		};
		ACD6E3D41B03A8EB00CA4498 /* DSStudy */ = {
			isa = PBXGroup;
			children = (
				AC630B5E1B05E8950068EF28 /* samples */,
				AC630B5C1B04DE000068EF28 /* HomeWork */,
				ACD6E3DD1B03A94500CA4498 /* Source */,
				ACD6E3DC1B03A93700CA4498 /* Tests */,
			);
			path = DSStudy;
			sourceTree = "<group>";
		};
		ACD6E3DC1B03A93700CA4498 /* Tests */ = {
			isa = PBXGroup;
			children = (
				ACE4690E1B0DAA7200676B69 /* HW_3_macrosTest.c */,
				ACE4690F1B0DAA7200676B69 /* HW_3_macrosTest.h */,
			);
			name = Tests;
			sourceTree = "<group>";
		};
		ACD6E3DD1B03A94500CA4498 /* Source */ = {
			isa = PBXGroup;
			children = (
				ACD6E3D51B03A8EB00CA4498 /* main.c */,
			);
			name = Source;
			sourceTree = "<group>";
		};
		ACE468FC1B0D0EC400676B69 /* HW 1 Sizeof */ = {
			isa = PBXGroup;
			children = (
				ACE469051B0D105B00676B69 /* HW_1_Sizeof.c */,
				ACE469061B0D105B00676B69 /* HW_1_Sizeof.h */,
			);
			name = "HW 1 Sizeof";
			sourceTree = "<group>";
		};
		ACE469001B0D0FDD00676B69 /* HW 2 PapaMama */ = {
			isa = PBXGroup;
			children = (
				ACE469081B0D112C00676B69 /* HW_2_(papa mama).c */,
				ACE469091B0D112C00676B69 /* HW_2_(papa mama).h */,
			);
			name = "HW 2 PapaMama";
			sourceTree = "<group>";
		};
		ACE469041B0D104100676B69 /* HW 3 macros */ = {
			isa = PBXGroup;
			children = (
				ACE4690B1B0D132C00676B69 /* HW_3_macros.c */,
				ACE4690C1B0D132C00676B69 /* HW_3_macros.h */,
			);
			name = "HW 3 macros";
			sourceTree = "<group>";
		};
/* End PBXGroup section */

/* Begin PBXNativeTarget section */
		AC630B541B0487F70068EF28 /* 111 */ = {
			isa = PBXNativeTarget;
			buildConfigurationList = AC630B591B0487F70068EF28 /* Build configuration list for PBXNativeTarget "111" */;
			buildPhases = (
				AC630B511B0487F70068EF28 /* Sources */,
				AC630B521B0487F70068EF28 /* Frameworks */,
				AC630B531B0487F70068EF28 /* CopyFiles */,
			);
			buildRules = (
			);
			dependencies = (
			);
			name = 111;
			productName = 111;
			productReference = AC630B551B0487F70068EF28 /* 111 */;
			productType = "com.apple.product-type.tool";
		};
		ACD6E3D11B03A8EB00CA4498 /* DSStudy */ = {
			isa = PBXNativeTarget;
			buildConfigurationList = ACD6E3D91B03A8EB00CA4498 /* Build configuration list for PBXNativeTarget "DSStudy" */;
			buildPhases = (
				ACD6E3CE1B03A8EB00CA4498 /* Sources */,
				ACD6E3CF1B03A8EB00CA4498 /* Frameworks */,
				ACD6E3D01B03A8EB00CA4498 /* CopyFiles */,
			);
			buildRules = (
			);
			dependencies = (
			);
			name = DSStudy;
			productName = DSStudy;
			productReference = ACD6E3D21B03A8EB00CA4498 /* DSStudy */;
			productType = "com.apple.product-type.tool";
		};
/* End PBXNativeTarget section */

/* Begin PBXProject section */
		ACD6E3CA1B03A8EB00CA4498 /* Project object */ = {
			isa = PBXProject;
			attributes = {
				LastUpgradeCheck = 0630;
				ORGANIZATIONNAME = DenisSidorov;
				TargetAttributes = {
					AC630B541B0487F70068EF28 = {
						CreatedOnToolsVersion = 6.3.1;
					};
					ACD6E3D11B03A8EB00CA4498 = {
						CreatedOnToolsVersion = 6.3.1;
					};
				};
			};
			buildConfigurationList = ACD6E3CD1B03A8EB00CA4498 /* Build configuration list for PBXProject "DSStudy" */;
			compatibilityVersion = "Xcode 3.2";
			developmentRegion = English;
			hasScannedForEncodings = 0;
			knownRegions = (
				en,
			);
			mainGroup = ACD6E3C91B03A8EB00CA4498;
			productRefGroup = ACD6E3D31B03A8EB00CA4498 /* Products */;
			projectDirPath = "";
			projectRoot = "";
			targets = (
				ACD6E3D11B03A8EB00CA4498 /* DSStudy */,
				AC630B541B0487F70068EF28 /* 111 */,
			);
		};
/* End PBXProject section */

/* Begin PBXSourcesBuildPhase section */
		AC630B511B0487F70068EF28 /* Sources */ = {
			isa = PBXSourcesBuildPhase;
			buildActionMask = 2147483647;
			files = (
			);
			runOnlyForDeploymentPostprocessing = 0;
		};
		ACD6E3CE1B03A8EB00CA4498 /* Sources */ = {
			isa = PBXSourcesBuildPhase;
			buildActionMask = 2147483647;
			files = (
				ACE469161B0DBD1B00676B69 /* DSSquare.c in Sources */,
				ACE469101B0DAA7200676B69 /* HW_3_macrosTest.c in Sources */,
				ACE469191B0DBD9400676B69 /* SDLoop.c in Sources */,
				ACE4690A1B0D112C00676B69 /* HW_2_(papa mama).c in Sources */,
				ACE469131B0DBB5F00676B69 /* DSFunc.c in Sources */,
				ACE4690D1B0D132C00676B69 /* HW_3_macros.c in Sources */,
				ACD6E3D61B03A8EB00CA4498 /* main.c in Sources */,
				ACE469071B0D105B00676B69 /* HW_1_Sizeof.c in Sources */,
			);
			runOnlyForDeploymentPostprocessing = 0;
		};
/* End PBXSourcesBuildPhase section */

/* Begin XCBuildConfiguration section */
		AC630B5A1B0487F70068EF28 /* Debug */ = {
			isa = XCBuildConfiguration;
			buildSettings = {
				GCC_PREPROCESSOR_DEFINITIONS = (
					"DEBUG=1",
					"$(inherited)",
				);
				PRODUCT_NAME = "$(TARGET_NAME)";
			};
			name = Debug;
		};
		AC630B5B1B0487F70068EF28 /* Release */ = {
			isa = XCBuildConfiguration;
			buildSettings = {
				PRODUCT_NAME = "$(TARGET_NAME)";
			};
			name = Release;
		};
		ACD6E3D71B03A8EB00CA4498 /* Debug */ = {
			isa = XCBuildConfiguration;
			buildSettings = {
				ALWAYS_SEARCH_USER_PATHS = NO;
				CLANG_CXX_LANGUAGE_STANDARD = "gnu++0x";
				CLANG_CXX_LIBRARY = "libc++";
				CLANG_ENABLE_MODULES = YES;
				CLANG_ENABLE_OBJC_ARC = YES;
				CLANG_WARN_BOOL_CONVERSION = YES;
				CLANG_WARN_CONSTANT_CONVERSION = YES;
				CLANG_WARN_DIRECT_OBJC_ISA_USAGE = YES_ERROR;
				CLANG_WARN_EMPTY_BODY = YES;
				CLANG_WARN_ENUM_CONVERSION = YES;
				CLANG_WARN_INT_CONVERSION = YES;
				CLANG_WARN_OBJC_ROOT_CLASS = YES_ERROR;
				CLANG_WARN_UNREACHABLE_CODE = YES;
				CLANG_WARN__DUPLICATE_METHOD_MATCH = YES;
				COPY_PHASE_STRIP = NO;
				DEBUG_INFORMATION_FORMAT = dwarf;
				ENABLE_STRICT_OBJC_MSGSEND = YES;
				GCC_C_LANGUAGE_STANDARD = gnu99;
				GCC_DYNAMIC_NO_PIC = NO;
				GCC_NO_COMMON_BLOCKS = YES;
				GCC_OPTIMIZATION_LEVEL = 0;
				GCC_PREPROCESSOR_DEFINITIONS = (
					"DEBUG=1",
					"$(inherited)",
				);
				GCC_SYMBOLS_PRIVATE_EXTERN = NO;
				GCC_WARN_64_TO_32_BIT_CONVERSION = YES;
				GCC_WARN_ABOUT_RETURN_TYPE = YES_ERROR;
				GCC_WARN_UNDECLARED_SELECTOR = YES;
				GCC_WARN_UNINITIALIZED_AUTOS = YES_AGGRESSIVE;
				GCC_WARN_UNUSED_FUNCTION = YES;
				GCC_WARN_UNUSED_VARIABLE = YES;
				MACOSX_DEPLOYMENT_TARGET = 10.10;
				MTL_ENABLE_DEBUG_INFO = YES;
				ONLY_ACTIVE_ARCH = YES;
				SDKROOT = macosx;
			};
			name = Debug;
		};
		ACD6E3D81B03A8EB00CA4498 /* Release */ = {
			isa = XCBuildConfiguration;
			buildSettings = {
				ALWAYS_SEARCH_USER_PATHS = NO;
				CLANG_CXX_LANGUAGE_STANDARD = "gnu++0x";
				CLANG_CXX_LIBRARY = "libc++";
				CLANG_ENABLE_MODULES = YES;
				CLANG_ENABLE_OBJC_ARC = YES;
				CLANG_WARN_BOOL_CONVERSION = YES;
				CLANG_WARN_CONSTANT_CONVERSION = YES;
				CLANG_WARN_DIRECT_OBJC_ISA_USAGE = YES_ERROR;
				CLANG_WARN_EMPTY_BODY = YES;
				CLANG_WARN_ENUM_CONVERSION = YES;
				CLANG_WARN_INT_CONVERSION = YES;
				CLANG_WARN_OBJC_ROOT_CLASS = YES_ERROR;
				CLANG_WARN_UNREACHABLE_CODE = YES;
				CLANG_WARN__DUPLICATE_METHOD_MATCH = YES;
				COPY_PHASE_STRIP = NO;
				DEBUG_INFORMATION_FORMAT = "dwarf-with-dsym";
				ENABLE_NS_ASSERTIONS = NO;
				ENABLE_STRICT_OBJC_MSGSEND = YES;
				GCC_C_LANGUAGE_STANDARD = gnu99;
				GCC_NO_COMMON_BLOCKS = YES;
				GCC_WARN_64_TO_32_BIT_CONVERSION = YES;
				GCC_WARN_ABOUT_RETURN_TYPE = YES_ERROR;
				GCC_WARN_UNDECLARED_SELECTOR = YES;
				GCC_WARN_UNINITIALIZED_AUTOS = YES_AGGRESSIVE;
				GCC_WARN_UNUSED_FUNCTION = YES;
				GCC_WARN_UNUSED_VARIABLE = YES;
				MACOSX_DEPLOYMENT_TARGET = 10.10;
				MTL_ENABLE_DEBUG_INFO = NO;
				SDKROOT = macosx;
			};
			name = Release;
		};
		ACD6E3DA1B03A8EB00CA4498 /* Debug */ = {
			isa = XCBuildConfiguration;
			buildSettings = {
				PRODUCT_NAME = "$(TARGET_NAME)";
			};
			name = Debug;
		};
		ACD6E3DB1B03A8EB00CA4498 /* Release */ = {
			isa = XCBuildConfiguration;
			buildSettings = {
				PRODUCT_NAME = "$(TARGET_NAME)";
			};
			name = Release;
		};
/* End XCBuildConfiguration section */

/* Begin XCConfigurationList section */
		AC630B591B0487F70068EF28 /* Build configuration list for PBXNativeTarget "111" */ = {
			isa = XCConfigurationList;
			buildConfigurations = (
				AC630B5A1B0487F70068EF28 /* Debug */,
				AC630B5B1B0487F70068EF28 /* Release */,
			);
			defaultConfigurationIsVisible = 0;
			defaultConfigurationName = Release;
		};
		ACD6E3CD1B03A8EB00CA4498 /* Build configuration list for PBXProject "DSStudy" */ = {
			isa = XCConfigurationList;
			buildConfigurations = (
				ACD6E3D71B03A8EB00CA4498 /* Debug */,
				ACD6E3D81B03A8EB00CA4498 /* Release */,
			);
			defaultConfigurationIsVisible = 0;
			defaultConfigurationName = Release;
		};
		ACD6E3D91B03A8EB00CA4498 /* Build configuration list for PBXNativeTarget "DSStudy" */ = {
			isa = XCConfigurationList;
			buildConfigurations = (
				ACD6E3DA1B03A8EB00CA4498 /* Debug */,
				ACD6E3DB1B03A8EB00CA4498 /* Release */,
			);
			defaultConfigurationIsVisible = 0;
			defaultConfigurationName = Release;
		};
/* End XCConfigurationList section */
	};
	rootObject = ACD6E3CA1B03A8EB00CA4498 /* Project object */;
}
