// !$*UTF8*$!
{
	archiveVersion = 1;
	classes = {
	};
	objectVersion = 46;
	objects = {

/* Begin PBXBuildFile section */
		AC46D0711B0F2DA70086A01A /* DSEnum.c in Sources */ = {isa = PBXBuildFile; fileRef = AC46D06F1B0F2DA70086A01A /* DSEnum.c */; };
		ACD6E3D61B03A8EB00CA4498 /* main.c in Sources */ = {isa = PBXBuildFile; fileRef = ACD6E3D51B03A8EB00CA4498 /* main.c */; };
		ACE469131B0DBB5F00676B69 /* DSFunc.c in Sources */ = {isa = PBXBuildFile; fileRef = ACE469111B0DBB5F00676B69 /* DSFunc.c */; };
		ACE469161B0DBD1B00676B69 /* DSSquare.c in Sources */ = {isa = PBXBuildFile; fileRef = ACE469141B0DBD1B00676B69 /* DSSquare.c */; };
		ACE469191B0DBD9400676B69 /* SDLoop.c in Sources */ = {isa = PBXBuildFile; fileRef = ACE469171B0DBD9400676B69 /* SDLoop.c */; };
		ACE4691C1B0F1E1800676B69 /* HomeWork1.c in Sources */ = {isa = PBXBuildFile; fileRef = ACE4691B1B0F1E1800676B69 /* HomeWork1.c */; };
		ACE4691F1B0F1E3000676B69 /* HomeWork2.c in Sources */ = {isa = PBXBuildFile; fileRef = ACE4691D1B0F1E3000676B69 /* HomeWork2.c */; };
		ACE469221B0F1E4900676B69 /* HomeWork3.c in Sources */ = {isa = PBXBuildFile; fileRef = ACE469201B0F1E4900676B69 /* HomeWork3.c */; };
		ACFCD2891B12D22D0024B342 /* HomeWork4.c in Sources */ = {isa = PBXBuildFile; fileRef = ACFCD2871B12D22D0024B342 /* HomeWork4.c */; };
/* End PBXBuildFile section */

/* Begin PBXCopyFilesBuildPhase section */
		AC630B531B0487F70068EF28 /* CopyFiles */ = {
			isa = PBXCopyFilesBuildPhase;
			buildActionMask = 2147483647;
			dstPath = /usr/share/man/man1/;
			dstSubfolderSpec = 0;
			files = (
			);
			runOnlyForDeploymentPostprocessing = 1;
		};
		ACD6E3D01B03A8EB00CA4498 /* CopyFiles */ = {
			isa = PBXCopyFilesBuildPhase;
			buildActionMask = 2147483647;
			dstPath = /usr/share/man/man1/;
			dstSubfolderSpec = 0;
			files = (
			);
			runOnlyForDeploymentPostprocessing = 1;
		};
		ACFCD27D1B0F34B30024B342 /* CopyFiles */ = {
			isa = PBXCopyFilesBuildPhase;
			buildActionMask = 2147483647;
			dstPath = /usr/share/man/man1/;
			dstSubfolderSpec = 0;
			files = (
			);
			runOnlyForDeploymentPostprocessing = 1;
		};
/* End PBXCopyFilesBuildPhase section */

/* Begin PBXFileReference section */
		AC46D06F1B0F2DA70086A01A /* DSEnum.c */ = {isa = PBXFileReference; fileEncoding = 4; lastKnownFileType = sourcecode.c.c; name = DSEnum.c; path = DSEnum/DSEnum.c; sourceTree = "<group>"; };
		AC46D0701B0F2DA70086A01A /* DSEnum.h */ = {isa = PBXFileReference; fileEncoding = 4; lastKnownFileType = sourcecode.c.h; name = DSEnum.h; path = DSEnum/DSEnum.h; sourceTree = "<group>"; };
		AC630B551B0487F70068EF28 /* 111 */ = {isa = PBXFileReference; explicitFileType = "compiled.mach-o.executable"; includeInIndex = 0; path = 111; sourceTree = BUILT_PRODUCTS_DIR; };
		ACD6E3D21B03A8EB00CA4498 /* DSStudy */ = {isa = PBXFileReference; explicitFileType = "compiled.mach-o.executable"; includeInIndex = 0; path = DSStudy; sourceTree = BUILT_PRODUCTS_DIR; };
		ACD6E3D51B03A8EB00CA4498 /* main.c */ = {isa = PBXFileReference; lastKnownFileType = sourcecode.c.c; path = main.c; sourceTree = "<group>"; };
		ACE469111B0DBB5F00676B69 /* DSFunc.c */ = {isa = PBXFileReference; fileEncoding = 4; lastKnownFileType = sourcecode.c.c; name = DSFunc.c; path = DSFunc/DSFunc.c; sourceTree = "<group>"; };
		ACE469121B0DBB5F00676B69 /* DSFunc.h */ = {isa = PBXFileReference; fileEncoding = 4; lastKnownFileType = sourcecode.c.h; name = DSFunc.h; path = DSFunc/DSFunc.h; sourceTree = "<group>"; };
		ACE469141B0DBD1B00676B69 /* DSSquare.c */ = {isa = PBXFileReference; fileEncoding = 4; lastKnownFileType = sourcecode.c.c; name = DSSquare.c; path = DSSquare/DSSquare.c; sourceTree = "<group>"; };
		ACE469151B0DBD1B00676B69 /* DSSquare.h */ = {isa = PBXFileReference; fileEncoding = 4; lastKnownFileType = sourcecode.c.h; name = DSSquare.h; path = DSSquare/DSSquare.h; sourceTree = "<group>"; };
		ACE469171B0DBD9400676B69 /* SDLoop.c */ = {isa = PBXFileReference; fileEncoding = 4; lastKnownFileType = sourcecode.c.c; name = SDLoop.c; path = SDLoop/SDLoop.c; sourceTree = "<group>"; };
		ACE469181B0DBD9400676B69 /* SDLoop.h */ = {isa = PBXFileReference; fileEncoding = 4; lastKnownFileType = sourcecode.c.h; name = SDLoop.h; path = SDLoop/SDLoop.h; sourceTree = "<group>"; };
		ACE4691A1B0F1E0C00676B69 /* HomeWork1.h */ = {isa = PBXFileReference; fileEncoding = 4; lastKnownFileType = sourcecode.c.h; name = HomeWork1.h; path = HomeWork1/HomeWork1.h; sourceTree = "<group>"; };
		ACE4691B1B0F1E1800676B69 /* HomeWork1.c */ = {isa = PBXFileReference; fileEncoding = 4; lastKnownFileType = sourcecode.c.c; name = HomeWork1.c; path = HomeWork1/HomeWork1.c; sourceTree = "<group>"; };
		ACE4691D1B0F1E3000676B69 /* HomeWork2.c */ = {isa = PBXFileReference; fileEncoding = 4; lastKnownFileType = sourcecode.c.c; name = HomeWork2.c; path = HomeWork2/HomeWork2.c; sourceTree = "<group>"; };
		ACE4691E1B0F1E3000676B69 /* HomeWork2.h */ = {isa = PBXFileReference; fileEncoding = 4; lastKnownFileType = sourcecode.c.h; name = HomeWork2.h; path = HomeWork2/HomeWork2.h; sourceTree = "<group>"; };
		ACE469201B0F1E4900676B69 /* HomeWork3.c */ = {isa = PBXFileReference; fileEncoding = 4; lastKnownFileType = sourcecode.c.c; name = HomeWork3.c; path = HomeWork3/HomeWork3.c; sourceTree = "<group>"; };
		ACE469211B0F1E4900676B69 /* HomeWork3.h */ = {isa = PBXFileReference; fileEncoding = 4; lastKnownFileType = sourcecode.c.h; name = HomeWork3.h; path = HomeWork3/HomeWork3.h; sourceTree = "<group>"; };
		ACFCD27F1B0F34B30024B342 /* DSTestSamples */ = {isa = PBXFileReference; explicitFileType = "compiled.mach-o.executable"; includeInIndex = 0; path = DSTestSamples; sourceTree = BUILT_PRODUCTS_DIR; };
		ACFCD2871B12D22D0024B342 /* HomeWork4.c */ = {isa = PBXFileReference; fileEncoding = 4; lastKnownFileType = sourcecode.c.c; name = HomeWork4.c; path = HomeWork4/HomeWork4.c; sourceTree = "<group>"; };
		ACFCD2881B12D22D0024B342 /* HomeWork4.h */ = {isa = PBXFileReference; fileEncoding = 4; lastKnownFileType = sourcecode.c.h; name = HomeWork4.h; path = HomeWork4/HomeWork4.h; sourceTree = "<group>"; };
		ACFCD28A1B13A8C80024B342 /* Tasks.h */ = {isa = PBXFileReference; lastKnownFileType = sourcecode.c.h; path = Tasks.h; sourceTree = "<group>"; };
/* End PBXFileReference section */

/* Begin PBXFrameworksBuildPhase section */
		AC630B521B0487F70068EF28 /* Frameworks */ = {
			isa = PBXFrameworksBuildPhase;
			buildActionMask = 2147483647;
			files = (
			);
			runOnlyForDeploymentPostprocessing = 0;
		};
		ACD6E3CF1B03A8EB00CA4498 /* Frameworks */ = {
			isa = PBXFrameworksBuildPhase;
			buildActionMask = 2147483647;
			files = (
			);
			runOnlyForDeploymentPostprocessing = 0;
		};
		ACFCD27C1B0F34B30024B342 /* Frameworks */ = {
			isa = PBXFrameworksBuildPhase;
			buildActionMask = 2147483647;
			files = (
			);
			runOnlyForDeploymentPostprocessing = 0;
		};
/* End PBXFrameworksBuildPhase section */

/* Begin PBXGroup section */
		AC630B5C1B04DE000068EF28 /* HomeWork */ = {
			isa = PBXGroup;
			children = (
				ACFCD2861B12D2070024B342 /* HomeWork4 */,
				ACE469041B0D104100676B69 /* HomeWork3 */,
				ACE469001B0D0FDD00676B69 /* HomeWork2 */,
				ACE468FC1B0D0EC400676B69 /* HomeWork1 */,
			);
			name = HomeWork;
			sourceTree = "<group>";
		};
		AC630B5E1B05E8950068EF28 /* samples */ = {
			isa = PBXGroup;
			children = (
				ACE469111B0DBB5F00676B69 /* DSFunc.c */,
				ACE469121B0DBB5F00676B69 /* DSFunc.h */,
				ACE469141B0DBD1B00676B69 /* DSSquare.c */,
				ACE469151B0DBD1B00676B69 /* DSSquare.h */,
				ACE469171B0DBD9400676B69 /* SDLoop.c */,
				ACE469181B0DBD9400676B69 /* SDLoop.h */,
				AC46D06F1B0F2DA70086A01A /* DSEnum.c */,
				AC46D0701B0F2DA70086A01A /* DSEnum.h */,
			);
			name = samples;
			sourceTree = "<group>";
		};
		ACD6E3C91B03A8EB00CA4498 = {
			isa = PBXGroup;
			children = (
				ACD6E3D41B03A8EB00CA4498 /* DSStudy */,
				ACD6E3D31B03A8EB00CA4498 /* Products */,
			);
			sourceTree = "<group>";
		};
		ACD6E3D31B03A8EB00CA4498 /* Products */ = {
			isa = PBXGroup;
			children = (
				ACD6E3D21B03A8EB00CA4498 /* DSStudy */,
				AC630B551B0487F70068EF28 /* 111 */,
				ACFCD27F1B0F34B30024B342 /* DSTestSamples */,
			);
			name = Products;
			sourceTree = "<group>";
		};
		ACD6E3D41B03A8EB00CA4498 /* DSStudy */ = {
			isa = PBXGroup;
			children = (
				ACFCD28A1B13A8C80024B342 /* Tasks.h */,
				AC630B5E1B05E8950068EF28 /* samples */,
				AC630B5C1B04DE000068EF28 /* HomeWork */,
				ACD6E3DD1B03A94500CA4498 /* Source */,
				ACD6E3DC1B03A93700CA4498 /* Tests */,
			);
			path = DSStudy;
			sourceTree = "<group>";
		};
		ACD6E3DC1B03A93700CA4498 /* Tests */ = {
			isa = PBXGroup;
			children = (
			);
			name = Tests;
			sourceTree = "<group>";
		};
		ACD6E3DD1B03A94500CA4498 /* Source */ = {
			isa = PBXGroup;
			children = (
				ACD6E3D51B03A8EB00CA4498 /* main.c */,
			);
			name = Source;
			sourceTree = "<group>";
		};
		ACE468FC1B0D0EC400676B69 /* HomeWork1 */ = {
			isa = PBXGroup;
			children = (
				ACE4691B1B0F1E1800676B69 /* HomeWork1.c */,
				ACE4691A1B0F1E0C00676B69 /* HomeWork1.h */,
			);
			name = HomeWork1;
			sourceTree = "<group>";
		};
		ACE469001B0D0FDD00676B69 /* HomeWork2 */ = {
			isa = PBXGroup;
			children = (
				ACE4691D1B0F1E3000676B69 /* HomeWork2.c */,
				ACE4691E1B0F1E3000676B69 /* HomeWork2.h */,
			);
			name = HomeWork2;
			sourceTree = "<group>";
		};
		ACE469041B0D104100676B69 /* HomeWork3 */ = {
			isa = PBXGroup;
			children = (
				ACE469201B0F1E4900676B69 /* HomeWork3.c */,
				ACE469211B0F1E4900676B69 /* HomeWork3.h */,
			);
			name = HomeWork3;
			sourceTree = "<group>";
		};
		ACFCD2861B12D2070024B342 /* HomeWork4 */ = {
			isa = PBXGroup;
			children = (
				ACFCD2871B12D22D0024B342 /* HomeWork4.c */,
				ACFCD2881B12D22D0024B342 /* HomeWork4.h */,
			);
			name = HomeWork4;
			sourceTree = "<group>";
		};
/* End PBXGroup section */

/* Begin PBXNativeTarget section */
		AC630B541B0487F70068EF28 /* 111 */ = {
			isa = PBXNativeTarget;
			buildConfigurationList = AC630B591B0487F70068EF28 /* Build configuration list for PBXNativeTarget "111" */;
			buildPhases = (
				AC630B511B0487F70068EF28 /* Sources */,
				AC630B521B0487F70068EF28 /* Frameworks */,
				AC630B531B0487F70068EF28 /* CopyFiles */,
			);
			buildRules = (
			);
			dependencies = (
			);
			name = 111;
			productName = 111;
			productReference = AC630B551B0487F70068EF28 /* 111 */;
			productType = "com.apple.product-type.tool";
		};
		ACD6E3D11B03A8EB00CA4498 /* DSStudy */ = {
			isa = PBXNativeTarget;
			buildConfigurationList = ACD6E3D91B03A8EB00CA4498 /* Build configuration list for PBXNativeTarget "DSStudy" */;
			buildPhases = (
				ACD6E3CE1B03A8EB00CA4498 /* Sources */,
				ACD6E3CF1B03A8EB00CA4498 /* Frameworks */,
				ACD6E3D01B03A8EB00CA4498 /* CopyFiles */,
			);
			buildRules = (
			);
			dependencies = (
			);
			name = DSStudy;
			productName = DSStudy;
			productReference = ACD6E3D21B03A8EB00CA4498 /* DSStudy */;
			productType = "com.apple.product-type.tool";
		};
		ACFCD27E1B0F34B30024B342 /* DSTestSamples */ = {
			isa = PBXNativeTarget;
			buildConfigurationList = ACFCD2851B0F34B30024B342 /* Build configuration list for PBXNativeTarget "DSTestSamples" */;
			buildPhases = (
				ACFCD27B1B0F34B30024B342 /* Sources */,
				ACFCD27C1B0F34B30024B342 /* Frameworks */,
				ACFCD27D1B0F34B30024B342 /* CopyFiles */,
			);
			buildRules = (
			);
			dependencies = (
			);
			name = DSTestSamples;
			productName = DSTestSamples;
			productReference = ACFCD27F1B0F34B30024B342 /* DSTestSamples */;
			productType = "com.apple.product-type.tool";
		};
/* End PBXNativeTarget section */

/* Begin PBXProject section */
		ACD6E3CA1B03A8EB00CA4498 /* Project object */ = {
			isa = PBXProject;
			attributes = {
				LastUpgradeCheck = 0630;
				ORGANIZATIONNAME = DenisSidorov;
				TargetAttributes = {
					AC630B541B0487F70068EF28 = {
						CreatedOnToolsVersion = 6.3.1;
					};
					ACD6E3D11B03A8EB00CA4498 = {
						CreatedOnToolsVersion = 6.3.1;
					};
					ACFCD27E1B0F34B30024B342 = {
						CreatedOnToolsVersion = 6.3.2;
					};
				};
			};
			buildConfigurationList = ACD6E3CD1B03A8EB00CA4498 /* Build configuration list for PBXProject "DSStudy" */;
			compatibilityVersion = "Xcode 3.2";
			developmentRegion = English;
			hasScannedForEncodings = 0;
			knownRegions = (
				en,
			);
			mainGroup = ACD6E3C91B03A8EB00CA4498;
			productRefGroup = ACD6E3D31B03A8EB00CA4498 /* Products */;
			projectDirPath = "";
			projectRoot = "";
			targets = (
				ACD6E3D11B03A8EB00CA4498 /* DSStudy */,
				AC630B541B0487F70068EF28 /* 111 */,
				ACFCD27E1B0F34B30024B342 /* DSTestSamples */,
			);
		};
/* End PBXProject section */

/* Begin PBXSourcesBuildPhase section */
		AC630B511B0487F70068EF28 /* Sources */ = {
			isa = PBXSourcesBuildPhase;
			buildActionMask = 2147483647;
			files = (
			);
			runOnlyForDeploymentPostprocessing = 0;
		};
		ACD6E3CE1B03A8EB00CA4498 /* Sources */ = {
			isa = PBXSourcesBuildPhase;
			buildActionMask = 2147483647;
			files = (
				ACE469161B0DBD1B00676B69 /* DSSquare.c in Sources */,
				ACFCD2891B12D22D0024B342 /* HomeWork4.c in Sources */,
				ACE4691C1B0F1E1800676B69 /* HomeWork1.c in Sources */,
				ACE469191B0DBD9400676B69 /* SDLoop.c in Sources */,
				ACE469221B0F1E4900676B69 /* HomeWork3.c in Sources */,
				ACE469131B0DBB5F00676B69 /* DSFunc.c in Sources */,
				ACE4691F1B0F1E3000676B69 /* HomeWork2.c in Sources */,
				ACD6E3D61B03A8EB00CA4498 /* main.c in Sources */,
				AC46D0711B0F2DA70086A01A /* DSEnum.c in Sources */,
			);
			runOnlyForDeploymentPostprocessing = 0;
		};
		ACFCD27B1B0F34B30024B342 /* Sources */ = {
			isa = PBXSourcesBuildPhase;
			buildActionMask = 2147483647;
			files = (
			);
			runOnlyForDeploymentPostprocessing = 0;
		};
/* End PBXSourcesBuildPhase section */

/* Begin XCBuildConfiguration section */
		AC630B5A1B0487F70068EF28 /* Debug */ = {
			isa = XCBuildConfiguration;
			buildSettings = {
				GCC_PREPROCESSOR_DEFINITIONS = (
					"DEBUG=1",
					"$(inherited)",
				);
				PRODUCT_NAME = "$(TARGET_NAME)";
			};
			name = Debug;
		};
		AC630B5B1B0487F70068EF28 /* Release */ = {
			isa = XCBuildConfiguration;
			buildSettings = {
				PRODUCT_NAME = "$(TARGET_NAME)";
			};
			name = Release;
		};
		ACD6E3D71B03A8EB00CA4498 /* Debug */ = {
			isa = XCBuildConfiguration;
			buildSettings = {
				ALWAYS_SEARCH_USER_PATHS = NO;
				CLANG_CXX_LANGUAGE_STANDARD = "gnu++0x";
				CLANG_CXX_LIBRARY = "libc++";
				CLANG_ENABLE_MODULES = YES;
				CLANG_ENABLE_OBJC_ARC = YES;
				CLANG_WARN_BOOL_CONVERSION = YES;
				CLANG_WARN_CONSTANT_CONVERSION = YES;
				CLANG_WARN_DIRECT_OBJC_ISA_USAGE = YES_ERROR;
				CLANG_WARN_EMPTY_BODY = YES;
				CLANG_WARN_ENUM_CONVERSION = YES;
				CLANG_WARN_INT_CONVERSION = YES;
				CLANG_WARN_OBJC_ROOT_CLASS = YES_ERROR;
				CLANG_WARN_UNREACHABLE_CODE = YES;
				CLANG_WARN__DUPLICATE_METHOD_MATCH = YES;
				COPY_PHASE_STRIP = NO;
				DEBUG_INFORMATION_FORMAT = dwarf;
				ENABLE_STRICT_OBJC_MSGSEND = YES;
				GCC_C_LANGUAGE_STANDARD = gnu99;
				GCC_DYNAMIC_NO_PIC = NO;
				GCC_NO_COMMON_BLOCKS = YES;
				GCC_OPTIMIZATION_LEVEL = 0;
				GCC_PREPROCESSOR_DEFINITIONS = (
					"DEBUG=1",
					"$(inherited)",
				);
				GCC_SYMBOLS_PRIVATE_EXTERN = NO;
				GCC_WARN_64_TO_32_BIT_CONVERSION = YES;
				GCC_WARN_ABOUT_RETURN_TYPE = YES_ERROR;
				GCC_WARN_UNDECLARED_SELECTOR = YES;
				GCC_WARN_UNINITIALIZED_AUTOS = YES_AGGRESSIVE;
				GCC_WARN_UNUSED_FUNCTION = YES;
				GCC_WARN_UNUSED_VARIABLE = YES;
				MACOSX_DEPLOYMENT_TARGET = 10.10;
				MTL_ENABLE_DEBUG_INFO = YES;
				ONLY_ACTIVE_ARCH = YES;
				SDKROOT = macosx;
			};
			name = Debug;
		};
		ACD6E3D81B03A8EB00CA4498 /* Release */ = {
			isa = XCBuildConfiguration;
			buildSettings = {
				ALWAYS_SEARCH_USER_PATHS = NO;
				CLANG_CXX_LANGUAGE_STANDARD = "gnu++0x";
				CLANG_CXX_LIBRARY = "libc++";
				CLANG_ENABLE_MODULES = YES;
				CLANG_ENABLE_OBJC_ARC = YES;
				CLANG_WARN_BOOL_CONVERSION = YES;
				CLANG_WARN_CONSTANT_CONVERSION = YES;
				CLANG_WARN_DIRECT_OBJC_ISA_USAGE = YES_ERROR;
				CLANG_WARN_EMPTY_BODY = YES;
				CLANG_WARN_ENUM_CONVERSION = YES;
				CLANG_WARN_INT_CONVERSION = YES;
				CLANG_WARN_OBJC_ROOT_CLASS = YES_ERROR;
				CLANG_WARN_UNREACHABLE_CODE = YES;
				CLANG_WARN__DUPLICATE_METHOD_MATCH = YES;
				COPY_PHASE_STRIP = NO;
				DEBUG_INFORMATION_FORMAT = "dwarf-with-dsym";
				ENABLE_NS_ASSERTIONS = NO;
				ENABLE_STRICT_OBJC_MSGSEND = YES;
				GCC_C_LANGUAGE_STANDARD = gnu99;
				GCC_NO_COMMON_BLOCKS = YES;
				GCC_WARN_64_TO_32_BIT_CONVERSION = YES;
				GCC_WARN_ABOUT_RETURN_TYPE = YES_ERROR;
				GCC_WARN_UNDECLARED_SELECTOR = YES;
				GCC_WARN_UNINITIALIZED_AUTOS = YES_AGGRESSIVE;
				GCC_WARN_UNUSED_FUNCTION = YES;
				GCC_WARN_UNUSED_VARIABLE = YES;
				MACOSX_DEPLOYMENT_TARGET = 10.10;
				MTL_ENABLE_DEBUG_INFO = NO;
				SDKROOT = macosx;
			};
			name = Release;
		};
		ACD6E3DA1B03A8EB00CA4498 /* Debug */ = {
			isa = XCBuildConfiguration;
			buildSettings = {
				PRODUCT_NAME = "$(TARGET_NAME)";
			};
			name = Debug;
		};
		ACD6E3DB1B03A8EB00CA4498 /* Release */ = {
			isa = XCBuildConfiguration;
			buildSettings = {
				PRODUCT_NAME = "$(TARGET_NAME)";
			};
			name = Release;
		};
		ACFCD2831B0F34B30024B342 /* Debug */ = {
			isa = XCBuildConfiguration;
			buildSettings = {
				GCC_PREPROCESSOR_DEFINITIONS = (
					"DEBUG=1",
					"$(inherited)",
				);
				PRODUCT_NAME = "$(TARGET_NAME)";
			};
			name = Debug;
		};
		ACFCD2841B0F34B30024B342 /* Release */ = {
			isa = XCBuildConfiguration;
			buildSettings = {
				PRODUCT_NAME = "$(TARGET_NAME)";
			};
			name = Release;
		};
/* End XCBuildConfiguration section */

/* Begin XCConfigurationList section */
		AC630B591B0487F70068EF28 /* Build configuration list for PBXNativeTarget "111" */ = {
			isa = XCConfigurationList;
			buildConfigurations = (
				AC630B5A1B0487F70068EF28 /* Debug */,
				AC630B5B1B0487F70068EF28 /* Release */,
			);
			defaultConfigurationIsVisible = 0;
			defaultConfigurationName = Release;
		};
		ACD6E3CD1B03A8EB00CA4498 /* Build configuration list for PBXProject "DSStudy" */ = {
			isa = XCConfigurationList;
			buildConfigurations = (
				ACD6E3D71B03A8EB00CA4498 /* Debug */,
				ACD6E3D81B03A8EB00CA4498 /* Release */,
			);
			defaultConfigurationIsVisible = 0;
			defaultConfigurationName = Release;
		};
		ACD6E3D91B03A8EB00CA4498 /* Build configuration list for PBXNativeTarget "DSStudy" */ = {
			isa = XCConfigurationList;
			buildConfigurations = (
				ACD6E3DA1B03A8EB00CA4498 /* Debug */,
				ACD6E3DB1B03A8EB00CA4498 /* Release */,
			);
			defaultConfigurationIsVisible = 0;
			defaultConfigurationName = Release;
		};
		ACFCD2851B0F34B30024B342 /* Build configuration list for PBXNativeTarget "DSTestSamples" */ = {
			isa = XCConfigurationList;
			buildConfigurations = (
				ACFCD2831B0F34B30024B342 /* Debug */,
				ACFCD2841B0F34B30024B342 /* Release */,
			);
			defaultConfigurationIsVisible = 0;
		};
/* End XCConfigurationList section */
	};
	rootObject = ACD6E3CA1B03A8EB00CA4498 /* Project object */;
}
